// !$*UTF8*$!
{
	archiveVersion = 1;
	classes = {
	};
	objectVersion = 50;
	objects = {

/* Begin PBXBuildFile section */
		84440EB8240344F000EDBFF2 /* AppDelegate.swift in Sources */ = {isa = PBXBuildFile; fileRef = 84440EB7240344F000EDBFF2 /* AppDelegate.swift */; };
		84440EBA240344F000EDBFF2 /* SceneDelegate.swift in Sources */ = {isa = PBXBuildFile; fileRef = 84440EB9240344F000EDBFF2 /* SceneDelegate.swift */; };
		84440EBC240344F000EDBFF2 /* ViewController.swift in Sources */ = {isa = PBXBuildFile; fileRef = 84440EBB240344F000EDBFF2 /* ViewController.swift */; };
		84440EC2240344F000EDBFF2 /* CityWeather.xcdatamodeld in Sources */ = {isa = PBXBuildFile; fileRef = 84440EC0240344F000EDBFF2 /* CityWeather.xcdatamodeld */; };
		84440EC4240344F200EDBFF2 /* Assets.xcassets in Resources */ = {isa = PBXBuildFile; fileRef = 84440EC3240344F200EDBFF2 /* Assets.xcassets */; };
		84440EC7240344F200EDBFF2 /* LaunchScreen.storyboard in Resources */ = {isa = PBXBuildFile; fileRef = 84440EC5240344F200EDBFF2 /* LaunchScreen.storyboard */; };
		84440EF22403DF8200EDBFF2 /* UIColor + extension.swift in Sources */ = {isa = PBXBuildFile; fileRef = 84440EF12403DF8200EDBFF2 /* UIColor + extension.swift */; };
		84440EFB2405F90000EDBFF2 /* UIView + extension.swift in Sources */ = {isa = PBXBuildFile; fileRef = 84440EFA2405F90000EDBFF2 /* UIView + extension.swift */; };
		84440EFD2405FA8B00EDBFF2 /* CityCell.swift in Sources */ = {isa = PBXBuildFile; fileRef = 84440EFC2405FA8A00EDBFF2 /* CityCell.swift */; };
		84440F01240685B100EDBFF2 /* CityViewController.swift in Sources */ = {isa = PBXBuildFile; fileRef = 84440F00240685B100EDBFF2 /* CityViewController.swift */; };
		84440F042406943300EDBFF2 /* MapKit.framework in Frameworks */ = {isa = PBXBuildFile; fileRef = 84440F032406943300EDBFF2 /* MapKit.framework */; };
		84440F072406953F00EDBFF2 /* ShowplaceTableViewController.swift in Sources */ = {isa = PBXBuildFile; fileRef = 84440F062406953F00EDBFF2 /* ShowplaceTableViewController.swift */; };
		84440F092406955A00EDBFF2 /* ShowplaceCell.swift in Sources */ = {isa = PBXBuildFile; fileRef = 84440F082406955A00EDBFF2 /* ShowplaceCell.swift */; };
		84440F1E2407046C00EDBFF2 /* Main.storyboard in Resources */ = {isa = PBXBuildFile; fileRef = 84440F1C2407046B00EDBFF2 /* Main.storyboard */; };
		84FFF6F124099E55008E54FA /* String + extension.swift in Sources */ = {isa = PBXBuildFile; fileRef = 84FFF6F024099E55008E54FA /* String + extension.swift */; };
		84FFF6F4240AEB7E008E54FA /* UIViewContoller + extension.swift in Sources */ = {isa = PBXBuildFile; fileRef = 84FFF6F3240AEB7E008E54FA /* UIViewContoller + extension.swift */; };
		84FFF6F6240B19F8008E54FA /* MapMarkers.swift in Sources */ = {isa = PBXBuildFile; fileRef = 84FFF6F5240B19F8008E54FA /* MapMarkers.swift */; };
		84FFF6FA240C585E008E54FA /* WeatherCell.swift in Sources */ = {isa = PBXBuildFile; fileRef = 84FFF6F9240C585E008E54FA /* WeatherCell.swift */; };
		84FFF6FE240DAC52008E54FA /* ShowplaceViewController.swift in Sources */ = {isa = PBXBuildFile; fileRef = 84FFF6FD240DAC52008E54FA /* ShowplaceViewController.swift */; };
		84FFF709240EFDCB008E54FA /* UIImageView + extension.swift in Sources */ = {isa = PBXBuildFile; fileRef = 84FFF708240EFDCB008E54FA /* UIImageView + extension.swift */; };
		84FFF70B240F1F42008E54FA /* City.swift in Sources */ = {isa = PBXBuildFile; fileRef = 84FFF70A240F1F42008E54FA /* City.swift */; };
		84FFF70D240F3BA2008E54FA /* GeoPosition.swift in Sources */ = {isa = PBXBuildFile; fileRef = 84FFF70C240F3BA2008E54FA /* GeoPosition.swift */; };
		84FFF70F240F490C008E54FA /* Weather.swift in Sources */ = {isa = PBXBuildFile; fileRef = 84FFF70E240F490C008E54FA /* Weather.swift */; };
		84FFF7892415AFA6008E54FA /* CoreCity+CoreDataClass.swift in Sources */ = {isa = PBXBuildFile; fileRef = 84FFF7832415AFA6008E54FA /* CoreCity+CoreDataClass.swift */; };
		84FFF78A2415AFA6008E54FA /* CoreCity+CoreDataProperties.swift in Sources */ = {isa = PBXBuildFile; fileRef = 84FFF7842415AFA6008E54FA /* CoreCity+CoreDataProperties.swift */; };
		84FFF78B2415AFA6008E54FA /* Place+CoreDataClass.swift in Sources */ = {isa = PBXBuildFile; fileRef = 84FFF7852415AFA6008E54FA /* Place+CoreDataClass.swift */; };
		84FFF78C2415AFA6008E54FA /* Place+CoreDataProperties.swift in Sources */ = {isa = PBXBuildFile; fileRef = 84FFF7862415AFA6008E54FA /* Place+CoreDataProperties.swift */; };
		84FFF78D2415AFA6008E54FA /* Geo+CoreDataClass.swift in Sources */ = {isa = PBXBuildFile; fileRef = 84FFF7872415AFA6008E54FA /* Geo+CoreDataClass.swift */; };
		84FFF78E2415AFA6008E54FA /* Geo+CoreDataProperties.swift in Sources */ = {isa = PBXBuildFile; fileRef = 84FFF7882415AFA6008E54FA /* Geo+CoreDataProperties.swift */; };
		84FFF7CC2416029E008E54FA /* CurrentPlace.swift in Sources */ = {isa = PBXBuildFile; fileRef = 84FFF7CB2416029E008E54FA /* CurrentPlace.swift */; };
/* End PBXBuildFile section */

/* Begin PBXFileReference section */
		84440EB4240344F000EDBFF2 /* CityWeather.app */ = {isa = PBXFileReference; explicitFileType = wrapper.application; includeInIndex = 0; path = CityWeather.app; sourceTree = BUILT_PRODUCTS_DIR; };
		84440EB7240344F000EDBFF2 /* AppDelegate.swift */ = {isa = PBXFileReference; lastKnownFileType = sourcecode.swift; path = AppDelegate.swift; sourceTree = "<group>"; };
		84440EB9240344F000EDBFF2 /* SceneDelegate.swift */ = {isa = PBXFileReference; lastKnownFileType = sourcecode.swift; path = SceneDelegate.swift; sourceTree = "<group>"; };
		84440EBB240344F000EDBFF2 /* ViewController.swift */ = {isa = PBXFileReference; lastKnownFileType = sourcecode.swift; path = ViewController.swift; sourceTree = "<group>"; };
		84440EC1240344F000EDBFF2 /* CityWeather.xcdatamodel */ = {isa = PBXFileReference; lastKnownFileType = wrapper.xcdatamodel; path = CityWeather.xcdatamodel; sourceTree = "<group>"; };
		84440EC3240344F200EDBFF2 /* Assets.xcassets */ = {isa = PBXFileReference; lastKnownFileType = folder.assetcatalog; path = Assets.xcassets; sourceTree = "<group>"; };
		84440EC6240344F200EDBFF2 /* Base */ = {isa = PBXFileReference; lastKnownFileType = file.storyboard; name = Base; path = Base.lproj/LaunchScreen.storyboard; sourceTree = "<group>"; };
		84440EC8240344F200EDBFF2 /* Info.plist */ = {isa = PBXFileReference; lastKnownFileType = text.plist.xml; path = Info.plist; sourceTree = "<group>"; };
		84440EF12403DF8200EDBFF2 /* UIColor + extension.swift */ = {isa = PBXFileReference; lastKnownFileType = sourcecode.swift; path = "UIColor + extension.swift"; sourceTree = "<group>"; };
		84440EFA2405F90000EDBFF2 /* UIView + extension.swift */ = {isa = PBXFileReference; lastKnownFileType = sourcecode.swift; path = "UIView + extension.swift"; sourceTree = "<group>"; };
		84440EFC2405FA8A00EDBFF2 /* CityCell.swift */ = {isa = PBXFileReference; lastKnownFileType = sourcecode.swift; path = CityCell.swift; sourceTree = "<group>"; };
		84440F00240685B100EDBFF2 /* CityViewController.swift */ = {isa = PBXFileReference; lastKnownFileType = sourcecode.swift; path = CityViewController.swift; sourceTree = "<group>"; };
		84440F032406943300EDBFF2 /* MapKit.framework */ = {isa = PBXFileReference; lastKnownFileType = wrapper.framework; name = MapKit.framework; path = System/Library/Frameworks/MapKit.framework; sourceTree = SDKROOT; };
		84440F062406953F00EDBFF2 /* ShowplaceTableViewController.swift */ = {isa = PBXFileReference; lastKnownFileType = sourcecode.swift; path = ShowplaceTableViewController.swift; sourceTree = "<group>"; };
		84440F082406955A00EDBFF2 /* ShowplaceCell.swift */ = {isa = PBXFileReference; lastKnownFileType = sourcecode.swift; path = ShowplaceCell.swift; sourceTree = "<group>"; };
		84440F1D2407046B00EDBFF2 /* Base */ = {isa = PBXFileReference; lastKnownFileType = file.storyboard; name = Base; path = Base.lproj/Main.storyboard; sourceTree = "<group>"; };
		84FFF6F024099E55008E54FA /* String + extension.swift */ = {isa = PBXFileReference; lastKnownFileType = sourcecode.swift; path = "String + extension.swift"; sourceTree = "<group>"; };
		84FFF6F3240AEB7E008E54FA /* UIViewContoller + extension.swift */ = {isa = PBXFileReference; lastKnownFileType = sourcecode.swift; path = "UIViewContoller + extension.swift"; sourceTree = "<group>"; };
		84FFF6F5240B19F8008E54FA /* MapMarkers.swift */ = {isa = PBXFileReference; lastKnownFileType = sourcecode.swift; path = MapMarkers.swift; sourceTree = "<group>"; };
		84FFF6F9240C585E008E54FA /* WeatherCell.swift */ = {isa = PBXFileReference; lastKnownFileType = sourcecode.swift; path = WeatherCell.swift; sourceTree = "<group>"; };
		84FFF6FD240DAC52008E54FA /* ShowplaceViewController.swift */ = {isa = PBXFileReference; lastKnownFileType = sourcecode.swift; path = ShowplaceViewController.swift; sourceTree = "<group>"; };
		84FFF708240EFDCB008E54FA /* UIImageView + extension.swift */ = {isa = PBXFileReference; lastKnownFileType = sourcecode.swift; path = "UIImageView + extension.swift"; sourceTree = "<group>"; };
		84FFF70A240F1F42008E54FA /* City.swift */ = {isa = PBXFileReference; lastKnownFileType = sourcecode.swift; path = City.swift; sourceTree = "<group>"; };
		84FFF70C240F3BA2008E54FA /* GeoPosition.swift */ = {isa = PBXFileReference; lastKnownFileType = sourcecode.swift; path = GeoPosition.swift; sourceTree = "<group>"; };
		84FFF70E240F490C008E54FA /* Weather.swift */ = {isa = PBXFileReference; lastKnownFileType = sourcecode.swift; path = Weather.swift; sourceTree = "<group>"; };
		84FFF7832415AFA6008E54FA /* CoreCity+CoreDataClass.swift */ = {isa = PBXFileReference; lastKnownFileType = sourcecode.swift; path = "CoreCity+CoreDataClass.swift"; sourceTree = "<group>"; };
		84FFF7842415AFA6008E54FA /* CoreCity+CoreDataProperties.swift */ = {isa = PBXFileReference; lastKnownFileType = sourcecode.swift; path = "CoreCity+CoreDataProperties.swift"; sourceTree = "<group>"; };
		84FFF7852415AFA6008E54FA /* Place+CoreDataClass.swift */ = {isa = PBXFileReference; lastKnownFileType = sourcecode.swift; path = "Place+CoreDataClass.swift"; sourceTree = "<group>"; };
		84FFF7862415AFA6008E54FA /* Place+CoreDataProperties.swift */ = {isa = PBXFileReference; lastKnownFileType = sourcecode.swift; path = "Place+CoreDataProperties.swift"; sourceTree = "<group>"; };
		84FFF7872415AFA6008E54FA /* Geo+CoreDataClass.swift */ = {isa = PBXFileReference; lastKnownFileType = sourcecode.swift; path = "Geo+CoreDataClass.swift"; sourceTree = "<group>"; };
		84FFF7882415AFA6008E54FA /* Geo+CoreDataProperties.swift */ = {isa = PBXFileReference; lastKnownFileType = sourcecode.swift; path = "Geo+CoreDataProperties.swift"; sourceTree = "<group>"; };
		84FFF7CB2416029E008E54FA /* CurrentPlace.swift */ = {isa = PBXFileReference; lastKnownFileType = sourcecode.swift; path = CurrentPlace.swift; sourceTree = "<group>"; };
/* End PBXFileReference section */

/* Begin PBXFrameworksBuildPhase section */
		84440EB1240344F000EDBFF2 /* Frameworks */ = {
			isa = PBXFrameworksBuildPhase;
			buildActionMask = 2147483647;
			files = (
				84440F042406943300EDBFF2 /* MapKit.framework in Frameworks */,
			);
			runOnlyForDeploymentPostprocessing = 0;
		};
/* End PBXFrameworksBuildPhase section */

/* Begin PBXGroup section */
		84440EAB240344F000EDBFF2 = {
			isa = PBXGroup;
			children = (
				84440EB6240344F000EDBFF2 /* CityWeather */,
				84440EB5240344F000EDBFF2 /* Products */,
				84440F022406943300EDBFF2 /* Frameworks */,
			);
			sourceTree = "<group>";
		};
		84440EB5240344F000EDBFF2 /* Products */ = {
			isa = PBXGroup;
			children = (
				84440EB4240344F000EDBFF2 /* CityWeather.app */,
			);
			name = Products;
			sourceTree = "<group>";
		};
		84440EB6240344F000EDBFF2 /* CityWeather */ = {
			isa = PBXGroup;
			children = (
				84FFF6F22409CD14008E54FA /* Models */,
				84440F352408845F00EDBFF2 /* Extensions */,
				84440EF92403EFC100EDBFF2 /* Controllers */,
				84440EB7240344F000EDBFF2 /* AppDelegate.swift */,
				84440EB9240344F000EDBFF2 /* SceneDelegate.swift */,
				84440F1C2407046B00EDBFF2 /* Main.storyboard */,
				84440EC3240344F200EDBFF2 /* Assets.xcassets */,
				84440EC5240344F200EDBFF2 /* LaunchScreen.storyboard */,
				84440EC8240344F200EDBFF2 /* Info.plist */,
				84440EC0240344F000EDBFF2 /* CityWeather.xcdatamodeld */,
			);
			path = CityWeather;
			sourceTree = "<group>";
		};
		84440EF92403EFC100EDBFF2 /* Controllers */ = {
			isa = PBXGroup;
			children = (
				84440F36240884C400EDBFF2 /* Cells */,
				84440EBB240344F000EDBFF2 /* ViewController.swift */,
				84440F00240685B100EDBFF2 /* CityViewController.swift */,
				84440F062406953F00EDBFF2 /* ShowplaceTableViewController.swift */,
				84FFF6FD240DAC52008E54FA /* ShowplaceViewController.swift */,
			);
			path = Controllers;
			sourceTree = "<group>";
		};
		84440F022406943300EDBFF2 /* Frameworks */ = {
			isa = PBXGroup;
			children = (
				84440F032406943300EDBFF2 /* MapKit.framework */,
			);
			name = Frameworks;
			sourceTree = "<group>";
		};
		84440F352408845F00EDBFF2 /* Extensions */ = {
			isa = PBXGroup;
			children = (
				84440EF12403DF8200EDBFF2 /* UIColor + extension.swift */,
				84440EFA2405F90000EDBFF2 /* UIView + extension.swift */,
				84FFF6F3240AEB7E008E54FA /* UIViewContoller + extension.swift */,
				84FFF6F024099E55008E54FA /* String + extension.swift */,
				84FFF708240EFDCB008E54FA /* UIImageView + extension.swift */,
			);
			path = Extensions;
			sourceTree = "<group>";
		};
		84440F36240884C400EDBFF2 /* Cells */ = {
			isa = PBXGroup;
			children = (
				84440EFC2405FA8A00EDBFF2 /* CityCell.swift */,
				84FFF6F9240C585E008E54FA /* WeatherCell.swift */,
				84440F082406955A00EDBFF2 /* ShowplaceCell.swift */,
			);
			path = Cells;
			sourceTree = "<group>";
		};
		84FFF6F22409CD14008E54FA /* Models */ = {
			isa = PBXGroup;
			children = (
				84FFF7642415A3CA008E54FA /* CoreDataModels */,
				84FFF6F5240B19F8008E54FA /* MapMarkers.swift */,
				84FFF70A240F1F42008E54FA /* City.swift */,
				84FFF70C240F3BA2008E54FA /* GeoPosition.swift */,
				84FFF70E240F490C008E54FA /* Weather.swift */,
				84FFF7CB2416029E008E54FA /* CurrentPlace.swift */,
			);
			path = Models;
			sourceTree = "<group>";
		};
		84FFF7642415A3CA008E54FA /* CoreDataModels */ = {
			isa = PBXGroup;
			children = (
				84FFF7832415AFA6008E54FA /* CoreCity+CoreDataClass.swift */,
				84FFF7842415AFA6008E54FA /* CoreCity+CoreDataProperties.swift */,
				84FFF7852415AFA6008E54FA /* Place+CoreDataClass.swift */,
				84FFF7862415AFA6008E54FA /* Place+CoreDataProperties.swift */,
				84FFF7872415AFA6008E54FA /* Geo+CoreDataClass.swift */,
				84FFF7882415AFA6008E54FA /* Geo+CoreDataProperties.swift */,
			);
			path = CoreDataModels;
			sourceTree = "<group>";
		};
/* End PBXGroup section */

/* Begin PBXNativeTarget section */
		84440EB3240344F000EDBFF2 /* CityWeather */ = {
			isa = PBXNativeTarget;
			buildConfigurationList = 84440ECB240344F200EDBFF2 /* Build configuration list for PBXNativeTarget "CityWeather" */;
			buildPhases = (
				84440EB0240344F000EDBFF2 /* Sources */,
				84440EB1240344F000EDBFF2 /* Frameworks */,
				84440EB2240344F000EDBFF2 /* Resources */,
			);
			buildRules = (
			);
			dependencies = (
			);
			name = CityWeather;
			productName = CityWeather;
			productReference = 84440EB4240344F000EDBFF2 /* CityWeather.app */;
			productType = "com.apple.product-type.application";
		};
/* End PBXNativeTarget section */

/* Begin PBXProject section */
		84440EAC240344F000EDBFF2 /* Project object */ = {
			isa = PBXProject;
			attributes = {
				LastSwiftUpdateCheck = 1130;
				LastUpgradeCheck = 1130;
				ORGANIZATIONNAME = "Polina Chernova";
				TargetAttributes = {
					84440EB3240344F000EDBFF2 = {
						CreatedOnToolsVersion = 11.3.1;
					};
				};
			};
			buildConfigurationList = 84440EAF240344F000EDBFF2 /* Build configuration list for PBXProject "CityWeather" */;
			compatibilityVersion = "Xcode 9.3";
			developmentRegion = en;
			hasScannedForEncodings = 0;
			knownRegions = (
				en,
				Base,
			);
			mainGroup = 84440EAB240344F000EDBFF2;
			productRefGroup = 84440EB5240344F000EDBFF2 /* Products */;
			projectDirPath = "";
			projectRoot = "";
			targets = (
				84440EB3240344F000EDBFF2 /* CityWeather */,
			);
		};
/* End PBXProject section */

/* Begin PBXResourcesBuildPhase section */
		84440EB2240344F000EDBFF2 /* Resources */ = {
			isa = PBXResourcesBuildPhase;
			buildActionMask = 2147483647;
			files = (
				84440EC7240344F200EDBFF2 /* LaunchScreen.storyboard in Resources */,
				84440EC4240344F200EDBFF2 /* Assets.xcassets in Resources */,
				84440F1E2407046C00EDBFF2 /* Main.storyboard in Resources */,
			);
			runOnlyForDeploymentPostprocessing = 0;
		};
/* End PBXResourcesBuildPhase section */

/* Begin PBXSourcesBuildPhase section */
		84440EB0240344F000EDBFF2 /* Sources */ = {
			isa = PBXSourcesBuildPhase;
			buildActionMask = 2147483647;
			files = (
				84440EBC240344F000EDBFF2 /* ViewController.swift in Sources */,
				84FFF7CC2416029E008E54FA /* CurrentPlace.swift in Sources */,
				84FFF6F4240AEB7E008E54FA /* UIViewContoller + extension.swift in Sources */,
				84440EF22403DF8200EDBFF2 /* UIColor + extension.swift in Sources */,
				84440F092406955A00EDBFF2 /* ShowplaceCell.swift in Sources */,
				84FFF78A2415AFA6008E54FA /* CoreCity+CoreDataProperties.swift in Sources */,
				84440EFB2405F90000EDBFF2 /* UIView + extension.swift in Sources */,
				84440F01240685B100EDBFF2 /* CityViewController.swift in Sources */,
				84FFF78B2415AFA6008E54FA /* Place+CoreDataClass.swift in Sources */,
				84FFF78E2415AFA6008E54FA /* Geo+CoreDataProperties.swift in Sources */,
				84FFF70D240F3BA2008E54FA /* GeoPosition.swift in Sources */,
				84FFF78D2415AFA6008E54FA /* Geo+CoreDataClass.swift in Sources */,
				84FFF6FA240C585E008E54FA /* WeatherCell.swift in Sources */,
				84FFF6FE240DAC52008E54FA /* ShowplaceViewController.swift in Sources */,
				84FFF6F6240B19F8008E54FA /* MapMarkers.swift in Sources */,
				84FFF70B240F1F42008E54FA /* City.swift in Sources */,
				84440EC2240344F000EDBFF2 /* CityWeather.xcdatamodeld in Sources */,
				84FFF6F124099E55008E54FA /* String + extension.swift in Sources */,
				84440F072406953F00EDBFF2 /* ShowplaceTableViewController.swift in Sources */,
				84440EB8240344F000EDBFF2 /* AppDelegate.swift in Sources */,
				84FFF70F240F490C008E54FA /* Weather.swift in Sources */,
				84FFF709240EFDCB008E54FA /* UIImageView + extension.swift in Sources */,
				84FFF78C2415AFA6008E54FA /* Place+CoreDataProperties.swift in Sources */,
				84FFF7892415AFA6008E54FA /* CoreCity+CoreDataClass.swift in Sources */,
				84440EFD2405FA8B00EDBFF2 /* CityCell.swift in Sources */,
				84440EBA240344F000EDBFF2 /* SceneDelegate.swift in Sources */,
			);
			runOnlyForDeploymentPostprocessing = 0;
		};
/* End PBXSourcesBuildPhase section */

/* Begin PBXVariantGroup section */
		84440EC5240344F200EDBFF2 /* LaunchScreen.storyboard */ = {
			isa = PBXVariantGroup;
			children = (
				84440EC6240344F200EDBFF2 /* Base */,
			);
			name = LaunchScreen.storyboard;
			sourceTree = "<group>";
		};
		84440F1C2407046B00EDBFF2 /* Main.storyboard */ = {
			isa = PBXVariantGroup;
			children = (
				84440F1D2407046B00EDBFF2 /* Base */,
			);
			name = Main.storyboard;
			sourceTree = "<group>";
		};
/* End PBXVariantGroup section */

/* Begin XCBuildConfiguration section */
		84440EC9240344F200EDBFF2 /* Debug */ = {
			isa = XCBuildConfiguration;
			buildSettings = {
				ALWAYS_SEARCH_USER_PATHS = NO;
				CLANG_ANALYZER_NONNULL = YES;
				CLANG_ANALYZER_NUMBER_OBJECT_CONVERSION = YES_AGGRESSIVE;
				CLANG_CXX_LANGUAGE_STANDARD = "gnu++14";
				CLANG_CXX_LIBRARY = "libc++";
				CLANG_ENABLE_MODULES = YES;
				CLANG_ENABLE_OBJC_ARC = YES;
				CLANG_ENABLE_OBJC_WEAK = YES;
				CLANG_WARN_BLOCK_CAPTURE_AUTORELEASING = YES;
				CLANG_WARN_BOOL_CONVERSION = YES;
				CLANG_WARN_COMMA = YES;
				CLANG_WARN_CONSTANT_CONVERSION = YES;
				CLANG_WARN_DEPRECATED_OBJC_IMPLEMENTATIONS = YES;
				CLANG_WARN_DIRECT_OBJC_ISA_USAGE = YES_ERROR;
				CLANG_WARN_DOCUMENTATION_COMMENTS = YES;
				CLANG_WARN_EMPTY_BODY = YES;
				CLANG_WARN_ENUM_CONVERSION = YES;
				CLANG_WARN_INFINITE_RECURSION = YES;
				CLANG_WARN_INT_CONVERSION = YES;
				CLANG_WARN_NON_LITERAL_NULL_CONVERSION = YES;
				CLANG_WARN_OBJC_IMPLICIT_RETAIN_SELF = YES;
				CLANG_WARN_OBJC_LITERAL_CONVERSION = YES;
				CLANG_WARN_OBJC_ROOT_CLASS = YES_ERROR;
				CLANG_WARN_RANGE_LOOP_ANALYSIS = YES;
				CLANG_WARN_STRICT_PROTOTYPES = YES;
				CLANG_WARN_SUSPICIOUS_MOVE = YES;
				CLANG_WARN_UNGUARDED_AVAILABILITY = YES_AGGRESSIVE;
				CLANG_WARN_UNREACHABLE_CODE = YES;
				CLANG_WARN__DUPLICATE_METHOD_MATCH = YES;
				COPY_PHASE_STRIP = NO;
				DEBUG_INFORMATION_FORMAT = dwarf;
				ENABLE_STRICT_OBJC_MSGSEND = YES;
				ENABLE_TESTABILITY = YES;
				GCC_C_LANGUAGE_STANDARD = gnu11;
				GCC_DYNAMIC_NO_PIC = NO;
				GCC_NO_COMMON_BLOCKS = YES;
				GCC_OPTIMIZATION_LEVEL = 0;
				GCC_PREPROCESSOR_DEFINITIONS = (
					"DEBUG=1",
					"$(inherited)",
				);
				GCC_WARN_64_TO_32_BIT_CONVERSION = YES;
				GCC_WARN_ABOUT_RETURN_TYPE = YES_ERROR;
				GCC_WARN_UNDECLARED_SELECTOR = YES;
				GCC_WARN_UNINITIALIZED_AUTOS = YES_AGGRESSIVE;
				GCC_WARN_UNUSED_FUNCTION = YES;
				GCC_WARN_UNUSED_VARIABLE = YES;
				IPHONEOS_DEPLOYMENT_TARGET = 13.2;
				MTL_ENABLE_DEBUG_INFO = INCLUDE_SOURCE;
				MTL_FAST_MATH = YES;
				ONLY_ACTIVE_ARCH = YES;
				SDKROOT = iphoneos;
				SWIFT_ACTIVE_COMPILATION_CONDITIONS = DEBUG;
				SWIFT_OPTIMIZATION_LEVEL = "-Onone";
			};
			name = Debug;
		};
		84440ECA240344F200EDBFF2 /* Release */ = {
			isa = XCBuildConfiguration;
			buildSettings = {
				ALWAYS_SEARCH_USER_PATHS = NO;
				CLANG_ANALYZER_NONNULL = YES;
				CLANG_ANALYZER_NUMBER_OBJECT_CONVERSION = YES_AGGRESSIVE;
				CLANG_CXX_LANGUAGE_STANDARD = "gnu++14";
				CLANG_CXX_LIBRARY = "libc++";
				CLANG_ENABLE_MODULES = YES;
				CLANG_ENABLE_OBJC_ARC = YES;
				CLANG_ENABLE_OBJC_WEAK = YES;
				CLANG_WARN_BLOCK_CAPTURE_AUTORELEASING = YES;
				CLANG_WARN_BOOL_CONVERSION = YES;
				CLANG_WARN_COMMA = YES;
				CLANG_WARN_CONSTANT_CONVERSION = YES;
				CLANG_WARN_DEPRECATED_OBJC_IMPLEMENTATIONS = YES;
				CLANG_WARN_DIRECT_OBJC_ISA_USAGE = YES_ERROR;
				CLANG_WARN_DOCUMENTATION_COMMENTS = YES;
				CLANG_WARN_EMPTY_BODY = YES;
				CLANG_WARN_ENUM_CONVERSION = YES;
				CLANG_WARN_INFINITE_RECURSION = YES;
				CLANG_WARN_INT_CONVERSION = YES;
				CLANG_WARN_NON_LITERAL_NULL_CONVERSION = YES;
				CLANG_WARN_OBJC_IMPLICIT_RETAIN_SELF = YES;
				CLANG_WARN_OBJC_LITERAL_CONVERSION = YES;
				CLANG_WARN_OBJC_ROOT_CLASS = YES_ERROR;
				CLANG_WARN_RANGE_LOOP_ANALYSIS = YES;
				CLANG_WARN_STRICT_PROTOTYPES = YES;
				CLANG_WARN_SUSPICIOUS_MOVE = YES;
				CLANG_WARN_UNGUARDED_AVAILABILITY = YES_AGGRESSIVE;
				CLANG_WARN_UNREACHABLE_CODE = YES;
				CLANG_WARN__DUPLICATE_METHOD_MATCH = YES;
				COPY_PHASE_STRIP = NO;
				DEBUG_INFORMATION_FORMAT = "dwarf-with-dsym";
				ENABLE_NS_ASSERTIONS = NO;
				ENABLE_STRICT_OBJC_MSGSEND = YES;
				GCC_C_LANGUAGE_STANDARD = gnu11;
				GCC_NO_COMMON_BLOCKS = YES;
				GCC_WARN_64_TO_32_BIT_CONVERSION = YES;
				GCC_WARN_ABOUT_RETURN_TYPE = YES_ERROR;
				GCC_WARN_UNDECLARED_SELECTOR = YES;
				GCC_WARN_UNINITIALIZED_AUTOS = YES_AGGRESSIVE;
				GCC_WARN_UNUSED_FUNCTION = YES;
				GCC_WARN_UNUSED_VARIABLE = YES;
				IPHONEOS_DEPLOYMENT_TARGET = 13.2;
				MTL_ENABLE_DEBUG_INFO = NO;
				MTL_FAST_MATH = YES;
				SDKROOT = iphoneos;
				SWIFT_COMPILATION_MODE = wholemodule;
				SWIFT_OPTIMIZATION_LEVEL = "-O";
				VALIDATE_PRODUCT = YES;
			};
			name = Release;
		};
		84440ECC240344F200EDBFF2 /* Debug */ = {
			isa = XCBuildConfiguration;
			buildSettings = {
				ASSETCATALOG_COMPILER_APPICON_NAME = AppIcon;
				CODE_SIGN_STYLE = Automatic;
				DEVELOPMENT_TEAM = 8G6BX4M4W4;
				INFOPLIST_FILE = CityWeather/Info.plist;
				LD_RUNPATH_SEARCH_PATHS = (
					"$(inherited)",
					"@executable_path/Frameworks",
				);
				PRODUCT_BUNDLE_IDENTIFIER = "Polina-Chernova.CityWeather";
				PRODUCT_NAME = "$(TARGET_NAME)";
				SWIFT_VERSION = 5.0;
				TARGETED_DEVICE_FAMILY = "1,2";
			};
			name = Debug;
		};
		84440ECD240344F200EDBFF2 /* Release */ = {
			isa = XCBuildConfiguration;
			buildSettings = {
				ASSETCATALOG_COMPILER_APPICON_NAME = AppIcon;
				CODE_SIGN_STYLE = Automatic;
				DEVELOPMENT_TEAM = 8G6BX4M4W4;
				INFOPLIST_FILE = CityWeather/Info.plist;
				LD_RUNPATH_SEARCH_PATHS = (
					"$(inherited)",
					"@executable_path/Frameworks",
				);
				PRODUCT_BUNDLE_IDENTIFIER = "Polina-Chernova.CityWeather";
				PRODUCT_NAME = "$(TARGET_NAME)";
				SWIFT_VERSION = 5.0;
				TARGETED_DEVICE_FAMILY = "1,2";
			};
			name = Release;
		};
/* End XCBuildConfiguration section */

/* Begin XCConfigurationList section */
		84440EAF240344F000EDBFF2 /* Build configuration list for PBXProject "CityWeather" */ = {
			isa = XCConfigurationList;
			buildConfigurations = (
				84440EC9240344F200EDBFF2 /* Debug */,
				84440ECA240344F200EDBFF2 /* Release */,
			);
			defaultConfigurationIsVisible = 0;
			defaultConfigurationName = Release;
		};
		84440ECB240344F200EDBFF2 /* Build configuration list for PBXNativeTarget "CityWeather" */ = {
			isa = XCConfigurationList;
			buildConfigurations = (
				84440ECC240344F200EDBFF2 /* Debug */,
				84440ECD240344F200EDBFF2 /* Release */,
			);
			defaultConfigurationIsVisible = 0;
			defaultConfigurationName = Release;
		};
/* End XCConfigurationList section */

/* Begin XCVersionGroup section */
		84440EC0240344F000EDBFF2 /* CityWeather.xcdatamodeld */ = {
			isa = XCVersionGroup;
			children = (
				84440EC1240344F000EDBFF2 /* CityWeather.xcdatamodel */,
			);
			currentVersion = 84440EC1240344F000EDBFF2 /* CityWeather.xcdatamodel */;
			path = CityWeather.xcdatamodeld;
			sourceTree = "<group>";
			versionGroupType = wrapper.xcdatamodel;
		};
/* End XCVersionGroup section */
	};
	rootObject = 84440EAC240344F000EDBFF2 /* Project object */;
}
