// !$*UTF8*$!
{
	archiveVersion = 1;
	classes = {
	};
	objectVersion = 50;
	objects = {

/* Begin PBXBuildFile section */
		8443394823F9F40D00727D25 /* AppDelegate.swift in Sources */ = {isa = PBXBuildFile; fileRef = 8443394723F9F40D00727D25 /* AppDelegate.swift */; };
		8443394A23F9F40D00727D25 /* SceneDelegate.swift in Sources */ = {isa = PBXBuildFile; fileRef = 8443394923F9F40D00727D25 /* SceneDelegate.swift */; };
		8443394C23F9F40D00727D25 /* ViewController.swift in Sources */ = {isa = PBXBuildFile; fileRef = 8443394B23F9F40D00727D25 /* ViewController.swift */; };
		8443394F23F9F40D00727D25 /* Main.storyboard in Resources */ = {isa = PBXBuildFile; fileRef = 8443394D23F9F40D00727D25 /* Main.storyboard */; };
		8443395223F9F40D00727D25 /* CityWeather.xcdatamodeld in Sources */ = {isa = PBXBuildFile; fileRef = 8443395023F9F40D00727D25 /* CityWeather.xcdatamodeld */; };
		8443395423F9F40F00727D25 /* Assets.xcassets in Resources */ = {isa = PBXBuildFile; fileRef = 8443395323F9F40F00727D25 /* Assets.xcassets */; };
		8443395723F9F40F00727D25 /* LaunchScreen.storyboard in Resources */ = {isa = PBXBuildFile; fileRef = 8443395523F9F40F00727D25 /* LaunchScreen.storyboard */; };
		8443396123FB5C5A00727D25 /* CityCell.swift in Sources */ = {isa = PBXBuildFile; fileRef = 8443396023FB5C5A00727D25 /* CityCell.swift */; };
		84440F262407240000EDBFF2 /* PlaceInfoViewController.swift in Sources */ = {isa = PBXBuildFile; fileRef = 84440F252407240000EDBFF2 /* PlaceInfoViewController.swift */; };
		84440F2A24073D2800EDBFF2 /* UIColor + extension.swift in Sources */ = {isa = PBXBuildFile; fileRef = 84440F2924073D2700EDBFF2 /* UIColor + extension.swift */; };
		84440F2E2407518700EDBFF2 /* WeatherCell.swift in Sources */ = {isa = PBXBuildFile; fileRef = 84440F2D2407518700EDBFF2 /* WeatherCell.swift */; };
		84440F3024079B0100EDBFF2 /* Showplace.swift in Sources */ = {isa = PBXBuildFile; fileRef = 84440F2F24079B0100EDBFF2 /* Showplace.swift */; };
		84440F322407AA2500EDBFF2 /* PlaceTableViewController.swift in Sources */ = {isa = PBXBuildFile; fileRef = 84440F312407AA2500EDBFF2 /* PlaceTableViewController.swift */; };
		84440F342407AB0700EDBFF2 /* PlaceCell.swift in Sources */ = {isa = PBXBuildFile; fileRef = 84440F332407AB0700EDBFF2 /* PlaceCell.swift */; };
		A1FD32B4240150E900DEB7C0 /* WeatherViewController.swift in Sources */ = {isa = PBXBuildFile; fileRef = A1FD32B3240150E900DEB7C0 /* WeatherViewController.swift */; };
/* End PBXBuildFile section */

/* Begin PBXFileReference section */
		8443394423F9F40D00727D25 /* CityWeather.app */ = {isa = PBXFileReference; explicitFileType = wrapper.application; includeInIndex = 0; path = CityWeather.app; sourceTree = BUILT_PRODUCTS_DIR; };
		8443394723F9F40D00727D25 /* AppDelegate.swift */ = {isa = PBXFileReference; lastKnownFileType = sourcecode.swift; path = AppDelegate.swift; sourceTree = "<group>"; };
		8443394923F9F40D00727D25 /* SceneDelegate.swift */ = {isa = PBXFileReference; lastKnownFileType = sourcecode.swift; path = SceneDelegate.swift; sourceTree = "<group>"; };
		8443394B23F9F40D00727D25 /* ViewController.swift */ = {isa = PBXFileReference; lastKnownFileType = sourcecode.swift; path = ViewController.swift; sourceTree = "<group>"; };
		8443394E23F9F40D00727D25 /* Base */ = {isa = PBXFileReference; lastKnownFileType = file.storyboard; name = Base; path = Base.lproj/Main.storyboard; sourceTree = "<group>"; };
		8443395123F9F40D00727D25 /* CityWeather.xcdatamodel */ = {isa = PBXFileReference; lastKnownFileType = wrapper.xcdatamodel; path = CityWeather.xcdatamodel; sourceTree = "<group>"; };
		8443395323F9F40F00727D25 /* Assets.xcassets */ = {isa = PBXFileReference; lastKnownFileType = folder.assetcatalog; path = Assets.xcassets; sourceTree = "<group>"; };
		8443395623F9F40F00727D25 /* Base */ = {isa = PBXFileReference; lastKnownFileType = file.storyboard; name = Base; path = Base.lproj/LaunchScreen.storyboard; sourceTree = "<group>"; };
		8443395823F9F40F00727D25 /* Info.plist */ = {isa = PBXFileReference; lastKnownFileType = text.plist.xml; path = Info.plist; sourceTree = "<group>"; };
		8443396023FB5C5A00727D25 /* CityCell.swift */ = {isa = PBXFileReference; lastKnownFileType = sourcecode.swift; path = CityCell.swift; sourceTree = "<group>"; };
		84440F252407240000EDBFF2 /* PlaceInfoViewController.swift */ = {isa = PBXFileReference; lastKnownFileType = sourcecode.swift; path = PlaceInfoViewController.swift; sourceTree = "<group>"; };
		84440F2924073D2700EDBFF2 /* UIColor + extension.swift */ = {isa = PBXFileReference; lastKnownFileType = sourcecode.swift; path = "UIColor + extension.swift"; sourceTree = "<group>"; };
		84440F2D2407518700EDBFF2 /* WeatherCell.swift */ = {isa = PBXFileReference; lastKnownFileType = sourcecode.swift; path = WeatherCell.swift; sourceTree = "<group>"; };
		84440F2F24079B0100EDBFF2 /* Showplace.swift */ = {isa = PBXFileReference; lastKnownFileType = sourcecode.swift; path = Showplace.swift; sourceTree = "<group>"; };
		84440F312407AA2500EDBFF2 /* PlaceTableViewController.swift */ = {isa = PBXFileReference; lastKnownFileType = sourcecode.swift; path = PlaceTableViewController.swift; sourceTree = "<group>"; };
		84440F332407AB0700EDBFF2 /* PlaceCell.swift */ = {isa = PBXFileReference; lastKnownFileType = sourcecode.swift; path = PlaceCell.swift; sourceTree = "<group>"; };
		A1FD32B3240150E900DEB7C0 /* WeatherViewController.swift */ = {isa = PBXFileReference; lastKnownFileType = sourcecode.swift; path = WeatherViewController.swift; sourceTree = "<group>"; };
/* End PBXFileReference section */

/* Begin PBXFrameworksBuildPhase section */
		8443394123F9F40D00727D25 /* Frameworks */ = {
			isa = PBXFrameworksBuildPhase;
			buildActionMask = 2147483647;
			files = (
			);
			runOnlyForDeploymentPostprocessing = 0;
		};
/* End PBXFrameworksBuildPhase section */

/* Begin PBXGroup section */
		8443393B23F9F40D00727D25 = {
			isa = PBXGroup;
			children = (
				8443394623F9F40D00727D25 /* CityWeather */,
				8443394523F9F40D00727D25 /* Products */,
			);
			sourceTree = "<group>";
		};
		8443394523F9F40D00727D25 /* Products */ = {
			isa = PBXGroup;
			children = (
				8443394423F9F40D00727D25 /* CityWeather.app */,
			);
			name = Products;
			sourceTree = "<group>";
		};
		8443394623F9F40D00727D25 /* CityWeather */ = {
			isa = PBXGroup;
			children = (
				A1FD32B5240159CC00DEB7C0 /* Controllers */,
				8443394723F9F40D00727D25 /* AppDelegate.swift */,
				8443394923F9F40D00727D25 /* SceneDelegate.swift */,
				8443394D23F9F40D00727D25 /* Main.storyboard */,
				8443395323F9F40F00727D25 /* Assets.xcassets */,
				8443396023FB5C5A00727D25 /* CityCell.swift */,
				84440F2924073D2700EDBFF2 /* UIColor + extension.swift */,
				8443395523F9F40F00727D25 /* LaunchScreen.storyboard */,
				8443395823F9F40F00727D25 /* Info.plist */,
				8443395023F9F40D00727D25 /* CityWeather.xcdatamodeld */,
			);
			path = CityWeather;
			sourceTree = "<group>";
		};
		A1FD32B5240159CC00DEB7C0 /* Controllers */ = {
			isa = PBXGroup;
			children = (
				84440F2F24079B0100EDBFF2 /* Showplace.swift */,
				8443394B23F9F40D00727D25 /* ViewController.swift */,
				84440F2D2407518700EDBFF2 /* WeatherCell.swift */,
				84440F332407AB0700EDBFF2 /* PlaceCell.swift */,
				A1FD32B3240150E900DEB7C0 /* WeatherViewController.swift */,
				84440F312407AA2500EDBFF2 /* PlaceTableViewController.swift */,
				84440F252407240000EDBFF2 /* PlaceInfoViewController.swift */,
			);
			path = Controllers;
			sourceTree = "<group>";
		};
/* End PBXGroup section */

/* Begin PBXNativeTarget section */
		8443394323F9F40D00727D25 /* CityWeather */ = {
			isa = PBXNativeTarget;
			buildConfigurationList = 8443395B23F9F40F00727D25 /* Build configuration list for PBXNativeTarget "CityWeather" */;
			buildPhases = (
				8443394023F9F40D00727D25 /* Sources */,
				8443394123F9F40D00727D25 /* Frameworks */,
				8443394223F9F40D00727D25 /* Resources */,
			);
			buildRules = (
			);
			dependencies = (
			);
			name = CityWeather;
			productName = CityWeather;
			productReference = 8443394423F9F40D00727D25 /* CityWeather.app */;
			productType = "com.apple.product-type.application";
		};
/* End PBXNativeTarget section */

/* Begin PBXProject section */
		8443393C23F9F40D00727D25 /* Project object */ = {
			isa = PBXProject;
			attributes = {
				LastSwiftUpdateCheck = 1130;
				LastUpgradeCheck = 1130;
				ORGANIZATIONNAME = "Polina Chernova";
				TargetAttributes = {
					8443394323F9F40D00727D25 = {
						CreatedOnToolsVersion = 11.3.1;
					};
				};
			};
			buildConfigurationList = 8443393F23F9F40D00727D25 /* Build configuration list for PBXProject "CityWeather" */;
			compatibilityVersion = "Xcode 9.3";
			developmentRegion = en;
			hasScannedForEncodings = 0;
			knownRegions = (
				en,
				Base,
			);
			mainGroup = 8443393B23F9F40D00727D25;
			productRefGroup = 8443394523F9F40D00727D25 /* Products */;
			projectDirPath = "";
			projectRoot = "";
			targets = (
				8443394323F9F40D00727D25 /* CityWeather */,
			);
		};
/* End PBXProject section */

/* Begin PBXResourcesBuildPhase section */
		8443394223F9F40D00727D25 /* Resources */ = {
			isa = PBXResourcesBuildPhase;
			buildActionMask = 2147483647;
			files = (
				8443395723F9F40F00727D25 /* LaunchScreen.storyboard in Resources */,
				8443395423F9F40F00727D25 /* Assets.xcassets in Resources */,
				8443394F23F9F40D00727D25 /* Main.storyboard in Resources */,
			);
			runOnlyForDeploymentPostprocessing = 0;
		};
/* End PBXResourcesBuildPhase section */

/* Begin PBXSourcesBuildPhase section */
		8443394023F9F40D00727D25 /* Sources */ = {
			isa = PBXSourcesBuildPhase;
			buildActionMask = 2147483647;
			files = (
				84440F342407AB0700EDBFF2 /* PlaceCell.swift in Sources */,
				84440F3024079B0100EDBFF2 /* Showplace.swift in Sources */,
				8443394C23F9F40D00727D25 /* ViewController.swift in Sources */,
				84440F2A24073D2800EDBFF2 /* UIColor + extension.swift in Sources */,
				8443395223F9F40D00727D25 /* CityWeather.xcdatamodeld in Sources */,
				84440F322407AA2500EDBFF2 /* PlaceTableViewController.swift in Sources */,
				84440F262407240000EDBFF2 /* PlaceInfoViewController.swift in Sources */,
				84440F2E2407518700EDBFF2 /* WeatherCell.swift in Sources */,
				8443396123FB5C5A00727D25 /* CityCell.swift in Sources */,
				A1FD32B4240150E900DEB7C0 /* WeatherViewController.swift in Sources */,
				8443394823F9F40D00727D25 /* AppDelegate.swift in Sources */,
				8443394A23F9F40D00727D25 /* SceneDelegate.swift in Sources */,
			);
			runOnlyForDeploymentPostprocessing = 0;
		};
/* End PBXSourcesBuildPhase section */

/* Begin PBXVariantGroup section */
		8443394D23F9F40D00727D25 /* Main.storyboard */ = {
			isa = PBXVariantGroup;
			children = (
				8443394E23F9F40D00727D25 /* Base */,
			);
			name = Main.storyboard;
			sourceTree = "<group>";
		};
		8443395523F9F40F00727D25 /* LaunchScreen.storyboard */ = {
			isa = PBXVariantGroup;
			children = (
				8443395623F9F40F00727D25 /* Base */,
			);
			name = LaunchScreen.storyboard;
			sourceTree = "<group>";
		};
/* End PBXVariantGroup section */

/* Begin XCBuildConfiguration section */
		8443395923F9F40F00727D25 /* Debug */ = {
			isa = XCBuildConfiguration;
			buildSettings = {
				ALWAYS_SEARCH_USER_PATHS = NO;
				CLANG_ANALYZER_NONNULL = YES;
				CLANG_ANALYZER_NUMBER_OBJECT_CONVERSION = YES_AGGRESSIVE;
				CLANG_CXX_LANGUAGE_STANDARD = "gnu++14";
				CLANG_CXX_LIBRARY = "libc++";
				CLANG_ENABLE_MODULES = YES;
				CLANG_ENABLE_OBJC_ARC = YES;
				CLANG_ENABLE_OBJC_WEAK = YES;
				CLANG_WARN_BLOCK_CAPTURE_AUTORELEASING = YES;
				CLANG_WARN_BOOL_CONVERSION = YES;
				CLANG_WARN_COMMA = YES;
				CLANG_WARN_CONSTANT_CONVERSION = YES;
				CLANG_WARN_DEPRECATED_OBJC_IMPLEMENTATIONS = YES;
				CLANG_WARN_DIRECT_OBJC_ISA_USAGE = YES_ERROR;
				CLANG_WARN_DOCUMENTATION_COMMENTS = YES;
				CLANG_WARN_EMPTY_BODY = YES;
				CLANG_WARN_ENUM_CONVERSION = YES;
				CLANG_WARN_INFINITE_RECURSION = YES;
				CLANG_WARN_INT_CONVERSION = YES;
				CLANG_WARN_NON_LITERAL_NULL_CONVERSION = YES;
				CLANG_WARN_OBJC_IMPLICIT_RETAIN_SELF = YES;
				CLANG_WARN_OBJC_LITERAL_CONVERSION = YES;
				CLANG_WARN_OBJC_ROOT_CLASS = YES_ERROR;
				CLANG_WARN_RANGE_LOOP_ANALYSIS = YES;
				CLANG_WARN_STRICT_PROTOTYPES = YES;
				CLANG_WARN_SUSPICIOUS_MOVE = YES;
				CLANG_WARN_UNGUARDED_AVAILABILITY = YES_AGGRESSIVE;
				CLANG_WARN_UNREACHABLE_CODE = YES;
				CLANG_WARN__DUPLICATE_METHOD_MATCH = YES;
				COPY_PHASE_STRIP = NO;
				DEBUG_INFORMATION_FORMAT = dwarf;
				ENABLE_STRICT_OBJC_MSGSEND = YES;
				ENABLE_TESTABILITY = YES;
				GCC_C_LANGUAGE_STANDARD = gnu11;
				GCC_DYNAMIC_NO_PIC = NO;
				GCC_NO_COMMON_BLOCKS = YES;
				GCC_OPTIMIZATION_LEVEL = 0;
				GCC_PREPROCESSOR_DEFINITIONS = (
					"DEBUG=1",
					"$(inherited)",
				);
				GCC_WARN_64_TO_32_BIT_CONVERSION = YES;
				GCC_WARN_ABOUT_RETURN_TYPE = YES_ERROR;
				GCC_WARN_UNDECLARED_SELECTOR = YES;
				GCC_WARN_UNINITIALIZED_AUTOS = YES_AGGRESSIVE;
				GCC_WARN_UNUSED_FUNCTION = YES;
				GCC_WARN_UNUSED_VARIABLE = YES;
				IPHONEOS_DEPLOYMENT_TARGET = 13.2;
				MTL_ENABLE_DEBUG_INFO = INCLUDE_SOURCE;
				MTL_FAST_MATH = YES;
				ONLY_ACTIVE_ARCH = YES;
				SDKROOT = iphoneos;
				SWIFT_ACTIVE_COMPILATION_CONDITIONS = DEBUG;
				SWIFT_OPTIMIZATION_LEVEL = "-Onone";
			};
			name = Debug;
		};
		8443395A23F9F40F00727D25 /* Release */ = {
			isa = XCBuildConfiguration;
			buildSettings = {
				ALWAYS_SEARCH_USER_PATHS = NO;
				CLANG_ANALYZER_NONNULL = YES;
				CLANG_ANALYZER_NUMBER_OBJECT_CONVERSION = YES_AGGRESSIVE;
				CLANG_CXX_LANGUAGE_STANDARD = "gnu++14";
				CLANG_CXX_LIBRARY = "libc++";
				CLANG_ENABLE_MODULES = YES;
				CLANG_ENABLE_OBJC_ARC = YES;
				CLANG_ENABLE_OBJC_WEAK = YES;
				CLANG_WARN_BLOCK_CAPTURE_AUTORELEASING = YES;
				CLANG_WARN_BOOL_CONVERSION = YES;
				CLANG_WARN_COMMA = YES;
				CLANG_WARN_CONSTANT_CONVERSION = YES;
				CLANG_WARN_DEPRECATED_OBJC_IMPLEMENTATIONS = YES;
				CLANG_WARN_DIRECT_OBJC_ISA_USAGE = YES_ERROR;
				CLANG_WARN_DOCUMENTATION_COMMENTS = YES;
				CLANG_WARN_EMPTY_BODY = YES;
				CLANG_WARN_ENUM_CONVERSION = YES;
				CLANG_WARN_INFINITE_RECURSION = YES;
				CLANG_WARN_INT_CONVERSION = YES;
				CLANG_WARN_NON_LITERAL_NULL_CONVERSION = YES;
				CLANG_WARN_OBJC_IMPLICIT_RETAIN_SELF = YES;
				CLANG_WARN_OBJC_LITERAL_CONVERSION = YES;
				CLANG_WARN_OBJC_ROOT_CLASS = YES_ERROR;
				CLANG_WARN_RANGE_LOOP_ANALYSIS = YES;
				CLANG_WARN_STRICT_PROTOTYPES = YES;
				CLANG_WARN_SUSPICIOUS_MOVE = YES;
				CLANG_WARN_UNGUARDED_AVAILABILITY = YES_AGGRESSIVE;
				CLANG_WARN_UNREACHABLE_CODE = YES;
				CLANG_WARN__DUPLICATE_METHOD_MATCH = YES;
				COPY_PHASE_STRIP = NO;
				DEBUG_INFORMATION_FORMAT = "dwarf-with-dsym";
				ENABLE_NS_ASSERTIONS = NO;
				ENABLE_STRICT_OBJC_MSGSEND = YES;
				GCC_C_LANGUAGE_STANDARD = gnu11;
				GCC_NO_COMMON_BLOCKS = YES;
				GCC_WARN_64_TO_32_BIT_CONVERSION = YES;
				GCC_WARN_ABOUT_RETURN_TYPE = YES_ERROR;
				GCC_WARN_UNDECLARED_SELECTOR = YES;
				GCC_WARN_UNINITIALIZED_AUTOS = YES_AGGRESSIVE;
				GCC_WARN_UNUSED_FUNCTION = YES;
				GCC_WARN_UNUSED_VARIABLE = YES;
				IPHONEOS_DEPLOYMENT_TARGET = 13.2;
				MTL_ENABLE_DEBUG_INFO = NO;
				MTL_FAST_MATH = YES;
				SDKROOT = iphoneos;
				SWIFT_COMPILATION_MODE = wholemodule;
				SWIFT_OPTIMIZATION_LEVEL = "-O";
				VALIDATE_PRODUCT = YES;
			};
			name = Release;
		};
		8443395C23F9F40F00727D25 /* Debug */ = {
			isa = XCBuildConfiguration;
			buildSettings = {
				ASSETCATALOG_COMPILER_APPICON_NAME = AppIcon;
				CODE_SIGN_IDENTITY = "iPhone Developer";
				CODE_SIGN_STYLE = Automatic;
				DEVELOPMENT_TEAM = 666QUCC4GT;
				INFOPLIST_FILE = CityWeather/Info.plist;
				IPHONEOS_DEPLOYMENT_TARGET = 13.0;
				LD_RUNPATH_SEARCH_PATHS = (
					"$(inherited)",
					"@executable_path/Frameworks",
				);
				ONLY_ACTIVE_ARCH = YES;
				PRODUCT_BUNDLE_IDENTIFIER = "Polina-Chernova-LTD.CityWeather";
				PRODUCT_NAME = "$(TARGET_NAME)";
				PROVISIONING_PROFILE_SPECIFIER = "";
				SWIFT_VERSION = 5.0;
				TARGETED_DEVICE_FAMILY = "1,2";
			};
			name = Debug;
		};
		8443395D23F9F40F00727D25 /* Release */ = {
			isa = XCBuildConfiguration;
			buildSettings = {
				ASSETCATALOG_COMPILER_APPICON_NAME = AppIcon;
				CODE_SIGN_IDENTITY = "iPhone Developer";
				CODE_SIGN_STYLE = Automatic;
				DEVELOPMENT_TEAM = 666QUCC4GT;
				INFOPLIST_FILE = CityWeather/Info.plist;
				IPHONEOS_DEPLOYMENT_TARGET = 13.0;
				LD_RUNPATH_SEARCH_PATHS = (
					"$(inherited)",
					"@executable_path/Frameworks",
				);
				ONLY_ACTIVE_ARCH = YES;
				PRODUCT_BUNDLE_IDENTIFIER = "Polina-Chernova-LTD.CityWeather";
				PRODUCT_NAME = "$(TARGET_NAME)";
				PROVISIONING_PROFILE_SPECIFIER = "";
				SWIFT_VERSION = 5.0;
				TARGETED_DEVICE_FAMILY = "1,2";
			};
			name = Release;
		};
/* End XCBuildConfiguration section */

/* Begin XCConfigurationList section */
		8443393F23F9F40D00727D25 /* Build configuration list for PBXProject "CityWeather" */ = {
			isa = XCConfigurationList;
			buildConfigurations = (
				8443395923F9F40F00727D25 /* Debug */,
				8443395A23F9F40F00727D25 /* Release */,
			);
			defaultConfigurationIsVisible = 0;
			defaultConfigurationName = Release;
		};
		8443395B23F9F40F00727D25 /* Build configuration list for PBXNativeTarget "CityWeather" */ = {
			isa = XCConfigurationList;
			buildConfigurations = (
				8443395C23F9F40F00727D25 /* Debug */,
				8443395D23F9F40F00727D25 /* Release */,
			);
			defaultConfigurationIsVisible = 0;
			defaultConfigurationName = Release;
		};
/* End XCConfigurationList section */

/* Begin XCVersionGroup section */
		8443395023F9F40D00727D25 /* CityWeather.xcdatamodeld */ = {
			isa = XCVersionGroup;
			children = (
				8443395123F9F40D00727D25 /* CityWeather.xcdatamodel */,
			);
			currentVersion = 8443395123F9F40D00727D25 /* CityWeather.xcdatamodel */;
			path = CityWeather.xcdatamodeld;
			sourceTree = "<group>";
			versionGroupType = wrapper.xcdatamodel;
		};
/* End XCVersionGroup section */
	};
	rootObject = 8443393C23F9F40D00727D25 /* Project object */;
}
